
Microsoft Visual Studio Solution File, Format Version 12.00
# Visual Studio Version 17
VisualStudioVersion = 17.4.33213.308
MinimumVisualStudioVersion = 10.0.40219.1
Project("{FAE04EC0-301F-11D3-BF4B-00C04F79EFBC}") = "WpfApp1", "WpfApp1\WpfApp1.csproj", "{EA10842B-111A-47E5-96F5-11615CD89762}"
EndProject
Project("{FAE04EC0-301F-11D3-BF4B-00C04F79EFBC}") = "FormsMain", "FormsMain\FormsMain.csproj", "{5CD9E1AC-C713-4566-BF76-9007E7114361}"
EndProject
Global
	GlobalSection(SolutionConfigurationPlatforms) = preSolution
		Debug|Any CPU = Debug|Any CPU
		Release|Any CPU = Release|Any CPU
	EndGlobalSection
	GlobalSection(ProjectConfigurationPlatforms) = postSolution
		{EA10842B-111A-47E5-96F5-11615CD89762}.Debug|Any CPU.ActiveCfg = Debug|Any CPU
		{EA10842B-111A-47E5-96F5-11615CD89762}.Debug|Any CPU.Build.0 = Debug|Any CPU
		{EA10842B-111A-47E5-96F5-11615CD89762}.Release|Any CPU.ActiveCfg = Release|Any CPU
		{EA10842B-111A-47E5-96F5-11615CD89762}.Release|Any CPU.Build.0 = Release|Any CPU
		{5CD9E1AC-C713-4566-BF76-9007E7114361}.Debug|Any CPU.ActiveCfg = Debug|Any CPU
		{5CD9E1AC-C713-4566-BF76-9007E7114361}.Debug|Any CPU.Build.0 = Debug|Any CPU
		{5CD9E1AC-C713-4566-BF76-9007E7114361}.Release|Any CPU.ActiveCfg = Release|Any CPU
		{5CD9E1AC-C713-4566-BF76-9007E7114361}.Release|Any CPU.Build.0 = Release|Any CPU
	EndGlobalSection
	GlobalSection(SolutionProperties) = preSolution
		HideSolutionNode = FALSE
	EndGlobalSection
	GlobalSection(ExtensibilityGlobals) = postSolution
		SolutionGuid = {B47651B1-B880-4F7A-958B-C023A48FCEAF}
	EndGlobalSection
EndGlobal
