
Microsoft Visual Studio Solution File, Format Version 12.00
# Visual Studio Version 17
VisualStudioVersion = 17.4.33213.308
MinimumVisualStudioVersion = 10.0.40219.1
Project("{FAE04EC0-301F-11D3-BF4B-00C04F79EFBC}") = "WpfApp2", "WpfApp2\WpfApp2.csproj", "{C828680E-DBE4-4607-B4A4-AC5FD067A499}"
EndProject
Global
	GlobalSection(SolutionConfigurationPlatforms) = preSolution
		Debug|Any CPU = Debug|Any CPU
		Release|Any CPU = Release|Any CPU
	EndGlobalSection
	GlobalSection(ProjectConfigurationPlatforms) = postSolution
		{C828680E-DBE4-4607-B4A4-AC5FD067A499}.Debug|Any CPU.ActiveCfg = Debug|Any CPU
		{C828680E-DBE4-4607-B4A4-AC5FD067A499}.Debug|Any CPU.Build.0 = Debug|Any CPU
		{C828680E-DBE4-4607-B4A4-AC5FD067A499}.Release|Any CPU.ActiveCfg = Release|Any CPU
		{C828680E-DBE4-4607-B4A4-AC5FD067A499}.Release|Any CPU.Build.0 = Release|Any CPU
	EndGlobalSection
	GlobalSection(SolutionProperties) = preSolution
		HideSolutionNode = FALSE
	EndGlobalSection
	GlobalSection(ExtensibilityGlobals) = postSolution
		SolutionGuid = {2554163B-0459-42F6-B647-27B2B22B6B21}
	EndGlobalSection
EndGlobal
